
Microsoft Visual Studio Solution File, Format Version 12.00
# Visual Studio 2015
Project("{FAE04EC0-301F-11D3-BF4B-00C04F79EFBC}") = "GuidLibrary", "GuidLibrary.csproj", "{00E116E3-540B-371D-1A97-AFE1E940D04C}"
EndProject
Global
	GlobalSection(SolutionConfigurationPlatforms) = preSolution
		Debug|Any CPU = Debug|Any CPU
		Release|Any CPU = Release|Any CPU
	EndGlobalSection
	GlobalSection(ProjectConfigurationPlatforms) = postSolution
		{00E116E3-540B-371D-1A97-AFE1E940D04C}.Debug|Any CPU.ActiveCfg = Debug|Any CPU
		{00E116E3-540B-371D-1A97-AFE1E940D04C}.Debug|Any CPU.Build.0 = Debug|Any CPU
		{00E116E3-540B-371D-1A97-AFE1E940D04C}.Release|Any CPU.ActiveCfg = Release|Any CPU
		{00E116E3-540B-371D-1A97-AFE1E940D04C}.Release|Any CPU.Build.0 = Release|Any CPU
	EndGlobalSection
	GlobalSection(SolutionProperties) = preSolution
		HideSolutionNode = FALSE
	EndGlobalSection
EndGlobal
